{
  "schemaVersion": "1.0",
  "algorithm": "sha256",
  "digests": {
    "manifest.json": "4f9018d972367fbac6bbdc63948e47eb80d4c105a59ddf48f9d836acd8b2b7f2",
    "planning-manifest.json": "11c2dc173e73cae2975f01d9be55361ceba47570975de988efd98a2cf26bf3d3",
    "planning-artifacts.json": "2e5300990a2e29b766fe7e96c60a27fd6d506dad85b3ef7268426074d3b16360",
    "capability-definitions.json": "38fd6163396d4b6156aaaee44ab80f5d3ec1bcd9cb3b14ddf8b3e8e36925e6a7",
    "design-manifest.json": "bf5d820215f6f4af801b549d5367a7143bbb67096987c535879a393b7f557b6d",
    "evidence-index.json": "56f83243e4267e0359a36105f5afb0dce3f71554d9db260da3ec8313e8b4fbdf",
    "evidence-dispositions.json": "a61b582669b66ed83065c2d0cc43a8bbcf11ccaf3295817d86d7a9514de2f25f",
    "control-dispositions.json": "754b6cf63011f3563fd13c29388907f6c1b63a5154ffcb0ce7d046507e67f1f7",
    "frontend-semantic-inventory.json": "c38427180ed742dfa4fb112a8d60c56c4641b02ca3c9223c8a63df6ff2185f16",
    "observed-interactions.json": "2219aaa9b3ca49e6d1226a9054cad46d5d8b8fd54d8a7cffeb5dec9b7ed2165c",
    "control-capability-map.json": "9f75dd339dd95951894256e00090c9e553e494d78f67c218d8aa92329f7df417",
    "asset-role-inventory.json": "cbea209e47c8e8eab79a54022b9d37dac2056c2c256a55ef07c7057b3f3565e5",
    "functional-spec.json": "3f68811631412dbd58261725d2ba2f7a16a093f66e37626bd66f77c7e2813ae8",
    "page-function-map.json": "94c19c66923165cfd15731195760e0807a8f2c5d6171facc1f06c957740bffea",
    "unresolved-items.json": "bbb6a2c5b28a3e8960efa6366d7e988deb991b1a455e6128a1a9c0bfc0488c68",
    "review-receipt.json": "74b21a9b5ef4955bab99b8ffac704d06ad419085b03966e2d70ec4923605d11d",
    "planning-review-receipt.json": "78bec19fe1a2dfa00c53aa2e2f153b077c447448b2385a8ad47ce08dea3a1ef2",
    "designs/submission.svg": "dce78e5a73ad8480c39f0d36903adec7862a82ae216cc4f1816ff86adfa5ffd8"
  }
}
