{
  "schemaVersion": "1.0",
  "algorithm": "sha256",
  "digests": {
    "manifest.json": "8957d44ffa3c5a8da8cb3213346dca45e34442f5bdc09b347604a8f4f39b7a05",
    "planning-manifest.json": "2cd6ef0a34b9665b7c30ade4960545e2fe0e05df179c184729379b92bbb9e965",
    "planning-artifacts.json": "b3430af4e163a2285c6b1c39fe77cb2166af88e2dacdb4790be2babf593c36ba",
    "capability-definitions.json": "f1c1117f5b683741a47eee124b6e2cfed66cc42cb3e82a7144567222613645c4",
    "design-manifest.json": "bf5d820215f6f4af801b549d5367a7143bbb67096987c535879a393b7f557b6d",
    "evidence-index.json": "369721c2bc7133df1d1431847235c7bd5a17417c6dbc746cdbfd83c7c6123bdd",
    "evidence-dispositions.json": "a61b582669b66ed83065c2d0cc43a8bbcf11ccaf3295817d86d7a9514de2f25f",
    "frontend-semantic-inventory.json": "3096c671da3cdd0645e3e78b1a982ae3e6598f5503f4a5d37f407f72faa3a773",
    "observed-interactions.json": "ece95dbb60af2f6ccd29fba58f41f8ca82a8b02783109ffe4063aedd9540b771",
    "control-capability-map.json": "2069c4d5823a940d7111c733f396608eebe539a552b9cf896f14fdb550f607f0",
    "asset-role-inventory.json": "573325116f9f4506df7966793217b29b1e82bbc3f5822a7c91a16b0d6e238869",
    "functional-spec.json": "966ad67ce25586428d071374ca1a5e2f78a50e361ae8ab0e04acf772cb6c0b90",
    "page-function-map.json": "9cd2d53915d79a85bc75530a6967338c41910db35299216de3bd9cca3c5722ec",
    "unresolved-items.json": "14fce19eb2d78e469bd16579f59bfb1de16483c1362188ff88f7b471a319bcd6",
    "review-receipt.json": "5058f8738ffeeaec9cf60b9e6deb365a9a6bb4425594059edf51b1077e5bdf9c",
    "planning-review-receipt.json": "0f2a18993f362aae4a581e477fbb17b01288784a2bf77cabe7ba10ba17a51d4e",
    "designs/submission.svg": "dce78e5a73ad8480c39f0d36903adec7862a82ae216cc4f1816ff86adfa5ffd8"
  }
}
