{
  "schemaVersion": "1.0",
  "algorithm": "sha256",
  "digests": {
    "manifest.json": "1381ea5cd31bc2d2d8edc618df7c72cee42478c40eebb676293c67da09de4553",
    "planning-manifest.json": "9d2ba4bdbad4cba9fa5d1630218267c6224b4451ab13727fcba95391a60fb8a4",
    "planning-artifacts.json": "b3430af4e163a2285c6b1c39fe77cb2166af88e2dacdb4790be2babf593c36ba",
    "capability-definitions.json": "f1c1117f5b683741a47eee124b6e2cfed66cc42cb3e82a7144567222613645c4",
    "evidence-index.json": "369721c2bc7133df1d1431847235c7bd5a17417c6dbc746cdbfd83c7c6123bdd",
    "evidence-dispositions.json": "a61b582669b66ed83065c2d0cc43a8bbcf11ccaf3295817d86d7a9514de2f25f",
    "frontend-semantic-inventory.json": "3096c671da3cdd0645e3e78b1a982ae3e6598f5503f4a5d37f407f72faa3a773",
    "observed-interactions.json": "ece95dbb60af2f6ccd29fba58f41f8ca82a8b02783109ffe4063aedd9540b771",
    "control-capability-map.json": "2069c4d5823a940d7111c733f396608eebe539a552b9cf896f14fdb550f607f0",
    "asset-role-inventory.json": "573325116f9f4506df7966793217b29b1e82bbc3f5822a7c91a16b0d6e238869",
    "functional-spec.json": "966ad67ce25586428d071374ca1a5e2f78a50e361ae8ab0e04acf772cb6c0b90",
    "page-function-map.json": "9cd2d53915d79a85bc75530a6967338c41910db35299216de3bd9cca3c5722ec",
    "unresolved-items.json": "14fce19eb2d78e469bd16579f59bfb1de16483c1362188ff88f7b471a319bcd6",
    "review-receipt.json": "3f023e95c562de70ce531f3ed48aa75104765a9f89e872e42cef6e7990c937b2",
    "planning-review-receipt.json": "cd756c1ced27a0ffda1203e7e6dd4920cf14d0a4c7f60894400a01e41d84b3a6",
    "design-manifest.json": "bf5d820215f6f4af801b549d5367a7143bbb67096987c535879a393b7f557b6d",
    "designs/submission.svg": "dce78e5a73ad8480c39f0d36903adec7862a82ae216cc4f1816ff86adfa5ffd8"
  }
}
