{
  "schemaVersion": "1.0",
  "algorithm": "sha256",
  "digests": {
    "manifest.json": "01e11016de4f1033dccafea8bfea179a700d9b9d82919666dc53a36cd72dfce2",
    "functional-spec.json": "13cfb8070f666abae0a2ee02dc94f7a92981cf9c4201ba00fbd7817ef3dc367a",
    "page-function-map.json": "da7b7e5a73ee11647e540fee2702d6d354e6ebcb57dddb3b45d5af3cfc979937",
    "unresolved-items.json": "8eb130728f4553701b73b66aad8bb1c4563b23f272dccf1c5a64dfa4163b20f7",
    "fixtures/common/background-reference.png": "2bdf9e620b76fc8515163d368ca3b7abac3e74780c2c040cc5904b1ccf4ef3fc",
    "fixtures/common/model-reference.png": "9fa5515c16f7964bc6327aa85dff538926aaeb0ea122015335d69870b61b4737",
    "fixtures/common/pattern-reference.png": "fb6296d5c8d1e90d42c6b3cbf46db60d0fcea63a4dddb749dec9193c9f0b114e",
    "fixtures/common/product-reference.png": "baa1b6220662b0e5e2f45171154a28b54c42b82fa6a55020af3bfc705ee29e04",
    "fixtures/common/text-product-reference.png": "aa44a63debb99e9302b8763e531c2e92e7ae6f116886858f3a535872d53ba197"
  }
}
